{
  "nodes": {
    "flake-utils": {
      "locked": {
        "lastModified": 1667395993,
        "narHash": "sha256-nuEHfE/LcWyuSWnS8t12N1wc105Qtau+/OdUAjtQ0rA=",
        "owner": "numtide",
        "repo": "flake-utils",
        "rev": "5aed5285a952e0b949eb3ba02c12fa4fcfef535f",
        "type": "github"
      },
      "original": {
        "owner": "numtide",
        "repo": "flake-utils",
        "type": "github"
      }
    },
    "nixpkgs": {
      "locked": {
        "lastModified": 1672256101,
        "narHash": "sha256-XuKh7c+yt7ybml5CNEg9D1M/d81qCMOLCfYvZl/Zxrc=",
        "owner": "kubukoz",
        "repo": "nixpkgs",
        "rev": "62563cc117ec012eee10c690415da8ba1d1e67e0",
        "type": "github"
      },
      "original": {
        "owner": "kubukoz",
        "ref": "scala-cli-move-assert",
        "repo": "nixpkgs",
        "type": "github"
      }
    },
    "root": {
      "inputs": {
        "flake-utils": "flake-utils",
        "nixpkgs": "nixpkgs"
      }
    }
  },
  "root": "root",
  "version": 7
}
